
Microsoft Visual Studio Solution File, Format Version 12.00
# Visual Studio Version 17
VisualStudioVersion = 17.5.002.0
MinimumVisualStudioVersion = 10.0.40219.1
Project("{2150E333-8FDC-42A3-9474-1A3956D46DE8}") = "src", "src", "{2A5DF667-D01B-4ED9-B8FF-6840698B2864}"
EndProject
Project("{FAE04EC0-301F-11D3-BF4B-00C04F79EFBC}") = "Netflixs2.Web", "src\Web\Netflixs2.Web.csproj", "{E3C47788-9880-46F1-A4A6-97BCEA3C09F1}"
EndProject
Project("{FAE04EC0-301F-11D3-BF4B-00C04F79EFBC}") = "Netflixs2.Application", "src\Application\Netflixs2.Application.csproj", "{5495AD2F-486D-4E4A-A482-CC3EAEA6EB6F}"
EndProject
Project("{FAE04EC0-301F-11D3-BF4B-00C04F79EFBC}") = "Netflixs2.Domain", "src\Domain\Netflixs2.Domain.csproj", "{7EF33528-B039-4034-BE61-44B614CEAFB5}"
EndProject
Project("{FAE04EC0-301F-11D3-BF4B-00C04F79EFBC}") = "Netflixs2.Infrastructure", "src\Infrastructure\Netflixs2.Infrastructure.csproj", "{C026F5B2-5B4C-4A41-A540-1928DC955F15}"
EndProject
Global
	GlobalSection(SolutionConfigurationPlatforms) = preSolution
		Debug|Any CPU = Debug|Any CPU
		Release|Any CPU = Release|Any CPU
	EndGlobalSection
	GlobalSection(ProjectConfigurationPlatforms) = postSolution
		{E3C47788-9880-46F1-A4A6-97BCEA3C09F1}.Debug|Any CPU.ActiveCfg = Debug|Any CPU
		{E3C47788-9880-46F1-A4A6-97BCEA3C09F1}.Debug|Any CPU.Build.0 = Debug|Any CPU
		{E3C47788-9880-46F1-A4A6-97BCEA3C09F1}.Release|Any CPU.ActiveCfg = Release|Any CPU
		{E3C47788-9880-46F1-A4A6-97BCEA3C09F1}.Release|Any CPU.Build.0 = Release|Any CPU
		{5495AD2F-486D-4E4A-A482-CC3EAEA6EB6F}.Debug|Any CPU.ActiveCfg = Debug|Any CPU
		{5495AD2F-486D-4E4A-A482-CC3EAEA6EB6F}.Debug|Any CPU.Build.0 = Debug|Any CPU
		{5495AD2F-486D-4E4A-A482-CC3EAEA6EB6F}.Release|Any CPU.ActiveCfg = Release|Any CPU
		{5495AD2F-486D-4E4A-A482-CC3EAEA6EB6F}.Release|Any CPU.Build.0 = Release|Any CPU
		{7EF33528-B039-4034-BE61-44B614CEAFB5}.Debug|Any CPU.ActiveCfg = Debug|Any CPU
		{7EF33528-B039-4034-BE61-44B614CEAFB5}.Debug|Any CPU.Build.0 = Debug|Any CPU
		{7EF33528-B039-4034-BE61-44B614CEAFB5}.Release|Any CPU.ActiveCfg = Release|Any CPU
		{7EF33528-B039-4034-BE61-44B614CEAFB5}.Release|Any CPU.Build.0 = Release|Any CPU
		{C026F5B2-5B4C-4A41-A540-1928DC955F15}.Debug|Any CPU.ActiveCfg = Debug|Any CPU
		{C026F5B2-5B4C-4A41-A540-1928DC955F15}.Debug|Any CPU.Build.0 = Debug|Any CPU
		{C026F5B2-5B4C-4A41-A540-1928DC955F15}.Release|Any CPU.ActiveCfg = Release|Any CPU
		{C026F5B2-5B4C-4A41-A540-1928DC955F15}.Release|Any CPU.Build.0 = Release|Any CPU
	EndGlobalSection
	GlobalSection(SolutionProperties) = preSolution
		HideSolutionNode = FALSE
	EndGlobalSection
	GlobalSection(ExtensibilityGlobals) = postSolution
		SolutionGuid = {4784B37C-6A86-4751-9D81-FA226363A1C9}
	EndGlobalSection
	GlobalSection(NestedProjects) = preSolution
		{E3C47788-9880-46F1-A4A6-97BCEA3C09F1} = {2A5DF667-D01B-4ED9-B8FF-6840698B2864}
		{5495AD2F-486D-4E4A-A482-CC3EAEA6EB6F} = {2A5DF667-D01B-4ED9-B8FF-6840698B2864}
		{7EF33528-B039-4034-BE61-44B614CEAFB5} = {2A5DF667-D01B-4ED9-B8FF-6840698B2864}
		{C026F5B2-5B4C-4A41-A540-1928DC955F15} = {2A5DF667-D01B-4ED9-B8FF-6840698B2864}
	EndGlobalSection
EndGlobal
